
Microsoft Visual Studio Solution File, Format Version 12.00
# Visual Studio 15
VisualStudioVersion = 15.0.28307.168
MinimumVisualStudioVersion = 10.0.40219.1
Project("{FAE04EC0-301F-11D3-BF4B-00C04F79EFBC}") = "ProjManagerSvc", "ProjManagerSvc\ProjManagerSvc.csproj", "{8A380317-3E0F-4E38-83DC-F90A65397F19}"
EndProject
Project("{FAE04EC0-301F-11D3-BF4B-00C04F79EFBC}") = "ProjManager.BusinessService", "ProjManager.BusinessService\ProjManager.BusinessService.csproj", "{BD0A78D3-EB87-45F1-B5B5-C50D3FD56961}"
EndProject
Project("{FAE04EC0-301F-11D3-BF4B-00C04F79EFBC}") = "ProjManager.Data", "ProjManager.Data\ProjManager.Data.csproj", "{DEC02ED6-DA66-4381-ADB6-9FFF8018AA9F}"
EndProject
Project("{FAE04EC0-301F-11D3-BF4B-00C04F79EFBC}") = "ProjManager.Test", "ProjManager.Test\ProjManager.Test.csproj", "{901FFD41-CBB2-44EB-A394-134AD7D18A1C}"
EndProject
Project("{FAE04EC0-301F-11D3-BF4B-00C04F79EFBC}") = "ProjManager.LoadTest", "ProjManager.LoadTest\ProjManager.LoadTest.csproj", "{7B79DB58-5FBF-41BE-9726-263298BEA4F6}"
EndProject
Global
	GlobalSection(SolutionConfigurationPlatforms) = preSolution
		Debug|Any CPU = Debug|Any CPU
		Release|Any CPU = Release|Any CPU
	EndGlobalSection
	GlobalSection(ProjectConfigurationPlatforms) = postSolution
		{8A380317-3E0F-4E38-83DC-F90A65397F19}.Debug|Any CPU.ActiveCfg = Debug|Any CPU
		{8A380317-3E0F-4E38-83DC-F90A65397F19}.Debug|Any CPU.Build.0 = Debug|Any CPU
		{8A380317-3E0F-4E38-83DC-F90A65397F19}.Release|Any CPU.ActiveCfg = Release|Any CPU
		{8A380317-3E0F-4E38-83DC-F90A65397F19}.Release|Any CPU.Build.0 = Release|Any CPU
		{BD0A78D3-EB87-45F1-B5B5-C50D3FD56961}.Debug|Any CPU.ActiveCfg = Debug|Any CPU
		{BD0A78D3-EB87-45F1-B5B5-C50D3FD56961}.Debug|Any CPU.Build.0 = Debug|Any CPU
		{BD0A78D3-EB87-45F1-B5B5-C50D3FD56961}.Release|Any CPU.ActiveCfg = Release|Any CPU
		{BD0A78D3-EB87-45F1-B5B5-C50D3FD56961}.Release|Any CPU.Build.0 = Release|Any CPU
		{DEC02ED6-DA66-4381-ADB6-9FFF8018AA9F}.Debug|Any CPU.ActiveCfg = Debug|Any CPU
		{DEC02ED6-DA66-4381-ADB6-9FFF8018AA9F}.Debug|Any CPU.Build.0 = Debug|Any CPU
		{DEC02ED6-DA66-4381-ADB6-9FFF8018AA9F}.Release|Any CPU.ActiveCfg = Release|Any CPU
		{DEC02ED6-DA66-4381-ADB6-9FFF8018AA9F}.Release|Any CPU.Build.0 = Release|Any CPU
		{901FFD41-CBB2-44EB-A394-134AD7D18A1C}.Debug|Any CPU.ActiveCfg = Debug|Any CPU
		{901FFD41-CBB2-44EB-A394-134AD7D18A1C}.Debug|Any CPU.Build.0 = Debug|Any CPU
		{901FFD41-CBB2-44EB-A394-134AD7D18A1C}.Release|Any CPU.ActiveCfg = Release|Any CPU
		{901FFD41-CBB2-44EB-A394-134AD7D18A1C}.Release|Any CPU.Build.0 = Release|Any CPU
		{7B79DB58-5FBF-41BE-9726-263298BEA4F6}.Debug|Any CPU.ActiveCfg = Debug|Any CPU
		{7B79DB58-5FBF-41BE-9726-263298BEA4F6}.Debug|Any CPU.Build.0 = Debug|Any CPU
		{7B79DB58-5FBF-41BE-9726-263298BEA4F6}.Release|Any CPU.ActiveCfg = Release|Any CPU
		{7B79DB58-5FBF-41BE-9726-263298BEA4F6}.Release|Any CPU.Build.0 = Release|Any CPU
	EndGlobalSection
	GlobalSection(SolutionProperties) = preSolution
		HideSolutionNode = FALSE
	EndGlobalSection
	GlobalSection(ExtensibilityGlobals) = postSolution
		SolutionGuid = {EBAC665F-B9BC-45B4-926D-4417762F69AD}
	EndGlobalSection
EndGlobal
